
Microsoft Visual Studio Solution File, Format Version 12.00
# Visual Studio 15
VisualStudioVersion = 15.0.28307.1321
MinimumVisualStudioVersion = 10.0.40219.1
Project("{FAE04EC0-301F-11D3-BF4B-00C04F79EFBC}") = "sefanur_pınar_Final", "sefanur_pınar_Final\sefanur_pınar_Final.csproj", "{2D675096-87C9-4F46-9E8E-14709CF82085}"
EndProject
Project("{FAE04EC0-301F-11D3-BF4B-00C04F79EFBC}") = "MakaleModel", "MakaleModel\MakaleModel.csproj", "{5ADFB058-F520-4978-9199-A8905987E1B7}"
EndProject
Global
	GlobalSection(SolutionConfigurationPlatforms) = preSolution
		Debug|Any CPU = Debug|Any CPU
		Release|Any CPU = Release|Any CPU
	EndGlobalSection
	GlobalSection(ProjectConfigurationPlatforms) = postSolution
		{2D675096-87C9-4F46-9E8E-14709CF82085}.Debug|Any CPU.ActiveCfg = Debug|Any CPU
		{2D675096-87C9-4F46-9E8E-14709CF82085}.Debug|Any CPU.Build.0 = Debug|Any CPU
		{2D675096-87C9-4F46-9E8E-14709CF82085}.Release|Any CPU.ActiveCfg = Release|Any CPU
		{2D675096-87C9-4F46-9E8E-14709CF82085}.Release|Any CPU.Build.0 = Release|Any CPU
		{5ADFB058-F520-4978-9199-A8905987E1B7}.Debug|Any CPU.ActiveCfg = Debug|Any CPU
		{5ADFB058-F520-4978-9199-A8905987E1B7}.Debug|Any CPU.Build.0 = Debug|Any CPU
		{5ADFB058-F520-4978-9199-A8905987E1B7}.Release|Any CPU.ActiveCfg = Release|Any CPU
		{5ADFB058-F520-4978-9199-A8905987E1B7}.Release|Any CPU.Build.0 = Release|Any CPU
	EndGlobalSection
	GlobalSection(SolutionProperties) = preSolution
		HideSolutionNode = FALSE
	EndGlobalSection
	GlobalSection(ExtensibilityGlobals) = postSolution
		SolutionGuid = {B1BC8C13-F1A3-41A0-A08A-7BB42A3C069B}
	EndGlobalSection
EndGlobal
